
Microsoft Visual Studio Solution File, Format Version 12.00
# Visual Studio Version 17
VisualStudioVersion = 17.4.33110.190
MinimumVisualStudioVersion = 10.0.40219.1
Project("{FAE04EC0-301F-11D3-BF4B-00C04F79EFBC}") = "Listas,Colas y Pilas", "Listas,Colas y Pilas.csproj", "{FA6D26A6-E1A7-466A-ACDE-EBD12884DDBC}"
EndProject
Global
	GlobalSection(SolutionConfigurationPlatforms) = preSolution
		Debug|Any CPU = Debug|Any CPU
		Release|Any CPU = Release|Any CPU
	EndGlobalSection
	GlobalSection(ProjectConfigurationPlatforms) = postSolution
		{FA6D26A6-E1A7-466A-ACDE-EBD12884DDBC}.Debug|Any CPU.ActiveCfg = Debug|Any CPU
		{FA6D26A6-E1A7-466A-ACDE-EBD12884DDBC}.Debug|Any CPU.Build.0 = Debug|Any CPU
		{FA6D26A6-E1A7-466A-ACDE-EBD12884DDBC}.Release|Any CPU.ActiveCfg = Release|Any CPU
		{FA6D26A6-E1A7-466A-ACDE-EBD12884DDBC}.Release|Any CPU.Build.0 = Release|Any CPU
	EndGlobalSection
	GlobalSection(SolutionProperties) = preSolution
		HideSolutionNode = FALSE
	EndGlobalSection
	GlobalSection(ExtensibilityGlobals) = postSolution
		SolutionGuid = {5B38B326-88BD-4974-A798-85653EBA8BAF}
	EndGlobalSection
EndGlobal
